{
  "pins" : [
    {
      "identity" : "genericnetworkmanager",
      "kind" : "remoteSourceControl",
      "location" : "https://github.com/ekakele/GenericNetworkManager",
      "state" : {
        "revision" : "6cd3656fcb74a997f9e7b81de9188a7e07e50931",
        "version" : "0.0.2"
      }
    }
  ],
  "version" : 2
}
