// !$*UTF8*$!
{
	archiveVersion = 1;
	classes = {
	};
	objectVersion = 56;
	objects = {

/* Begin PBXBuildFile section */
		B54268F22B0FCE8C003A0FCB /* Constants.swift in Sources */ = {isa = PBXBuildFile; fileRef = B54268F12B0FCE8C003A0FCB /* Constants.swift */; };
		B5A19F412B0CD64C00E4D045 /* BreedsPageViewModel.swift in Sources */ = {isa = PBXBuildFile; fileRef = B5A19F402B0CD64C00E4D045 /* BreedsPageViewModel.swift */; };
		B5A19F432B0CD69100E4D045 /* BreedsPageViewController.swift in Sources */ = {isa = PBXBuildFile; fileRef = B5A19F422B0CD69100E4D045 /* BreedsPageViewController.swift */; };
		B5A19F452B0CD70F00E4D045 /* Breed.swift in Sources */ = {isa = PBXBuildFile; fileRef = B5A19F442B0CD70F00E4D045 /* Breed.swift */; };
		B5A19F472B0CD9F800E4D045 /* BreedsPageTableViewCell.swift in Sources */ = {isa = PBXBuildFile; fileRef = B5A19F462B0CD9F800E4D045 /* BreedsPageTableViewCell.swift */; };
		B5A6A2802B0C07C600727C6B /* TabBarController.swift in Sources */ = {isa = PBXBuildFile; fileRef = B5A6A27F2B0C07C600727C6B /* TabBarController.swift */; };
		B5D8A0B12B0A14E700BC6800 /* AppDelegate.swift in Sources */ = {isa = PBXBuildFile; fileRef = B5D8A0B02B0A14E700BC6800 /* AppDelegate.swift */; };
		B5D8A0B32B0A14E700BC6800 /* SceneDelegate.swift in Sources */ = {isa = PBXBuildFile; fileRef = B5D8A0B22B0A14E700BC6800 /* SceneDelegate.swift */; };
		B5D8A0B52B0A14E700BC6800 /* MainPageViewController.swift in Sources */ = {isa = PBXBuildFile; fileRef = B5D8A0B42B0A14E700BC6800 /* MainPageViewController.swift */; };
		B5D8A0BA2B0A14E700BC6800 /* Assets.xcassets in Resources */ = {isa = PBXBuildFile; fileRef = B5D8A0B92B0A14E700BC6800 /* Assets.xcassets */; };
		B5D8A0BD2B0A14E700BC6800 /* LaunchScreen.storyboard in Resources */ = {isa = PBXBuildFile; fileRef = B5D8A0BB2B0A14E700BC6800 /* LaunchScreen.storyboard */; };
		B5D8A0C72B0A16F500BC6800 /* Fact.swift in Sources */ = {isa = PBXBuildFile; fileRef = B5D8A0C62B0A16F500BC6800 /* Fact.swift */; };
		B5D8A0C92B0A171900BC6800 /* MainPageViewModel.swift in Sources */ = {isa = PBXBuildFile; fileRef = B5D8A0C82B0A171900BC6800 /* MainPageViewModel.swift */; };
		B5D8A0CB2B0A17BF00BC6800 /* MainPageTableViewCell.swift in Sources */ = {isa = PBXBuildFile; fileRef = B5D8A0CA2B0A17BF00BC6800 /* MainPageTableViewCell.swift */; };
		B5D8A0FC2B0AA5BF00BC6800 /* GenericNetworkManager in Frameworks */ = {isa = PBXBuildFile; productRef = B5D8A0FB2B0AA5BF00BC6800 /* GenericNetworkManager */; };
/* End PBXBuildFile section */

/* Begin PBXFileReference section */
		B54268F12B0FCE8C003A0FCB /* Constants.swift */ = {isa = PBXFileReference; lastKnownFileType = sourcecode.swift; path = Constants.swift; sourceTree = "<group>"; };
		B5A19F402B0CD64C00E4D045 /* BreedsPageViewModel.swift */ = {isa = PBXFileReference; lastKnownFileType = sourcecode.swift; path = BreedsPageViewModel.swift; sourceTree = "<group>"; };
		B5A19F422B0CD69100E4D045 /* BreedsPageViewController.swift */ = {isa = PBXFileReference; lastKnownFileType = sourcecode.swift; path = BreedsPageViewController.swift; sourceTree = "<group>"; };
		B5A19F442B0CD70F00E4D045 /* Breed.swift */ = {isa = PBXFileReference; lastKnownFileType = sourcecode.swift; path = Breed.swift; sourceTree = "<group>"; };
		B5A19F462B0CD9F800E4D045 /* BreedsPageTableViewCell.swift */ = {isa = PBXFileReference; fileEncoding = 4; lastKnownFileType = sourcecode.swift; path = BreedsPageTableViewCell.swift; sourceTree = "<group>"; };
		B5A6A27F2B0C07C600727C6B /* TabBarController.swift */ = {isa = PBXFileReference; lastKnownFileType = sourcecode.swift; path = TabBarController.swift; sourceTree = "<group>"; };
		B5D8A0AD2B0A14E700BC6800 /* Assignment-21.app */ = {isa = PBXFileReference; explicitFileType = wrapper.application; includeInIndex = 0; path = "Assignment-21.app"; sourceTree = BUILT_PRODUCTS_DIR; };
		B5D8A0B02B0A14E700BC6800 /* AppDelegate.swift */ = {isa = PBXFileReference; lastKnownFileType = sourcecode.swift; path = AppDelegate.swift; sourceTree = "<group>"; };
		B5D8A0B22B0A14E700BC6800 /* SceneDelegate.swift */ = {isa = PBXFileReference; lastKnownFileType = sourcecode.swift; path = SceneDelegate.swift; sourceTree = "<group>"; };
		B5D8A0B42B0A14E700BC6800 /* MainPageViewController.swift */ = {isa = PBXFileReference; lastKnownFileType = sourcecode.swift; path = MainPageViewController.swift; sourceTree = "<group>"; };
		B5D8A0B92B0A14E700BC6800 /* Assets.xcassets */ = {isa = PBXFileReference; lastKnownFileType = folder.assetcatalog; path = Assets.xcassets; sourceTree = "<group>"; };
		B5D8A0BC2B0A14E700BC6800 /* Base */ = {isa = PBXFileReference; lastKnownFileType = file.storyboard; name = Base; path = Base.lproj/LaunchScreen.storyboard; sourceTree = "<group>"; };
		B5D8A0BE2B0A14E700BC6800 /* Info.plist */ = {isa = PBXFileReference; lastKnownFileType = text.plist.xml; path = Info.plist; sourceTree = "<group>"; };
		B5D8A0C62B0A16F500BC6800 /* Fact.swift */ = {isa = PBXFileReference; lastKnownFileType = sourcecode.swift; path = Fact.swift; sourceTree = "<group>"; };
		B5D8A0C82B0A171900BC6800 /* MainPageViewModel.swift */ = {isa = PBXFileReference; lastKnownFileType = sourcecode.swift; path = MainPageViewModel.swift; sourceTree = "<group>"; };
		B5D8A0CA2B0A17BF00BC6800 /* MainPageTableViewCell.swift */ = {isa = PBXFileReference; lastKnownFileType = sourcecode.swift; path = MainPageTableViewCell.swift; sourceTree = "<group>"; };
/* End PBXFileReference section */

/* Begin PBXFrameworksBuildPhase section */
		B5D8A0AA2B0A14E700BC6800 /* Frameworks */ = {
			isa = PBXFrameworksBuildPhase;
			buildActionMask = 2147483647;
			files = (
				B5D8A0FC2B0AA5BF00BC6800 /* GenericNetworkManager in Frameworks */,
			);
			runOnlyForDeploymentPostprocessing = 0;
		};
/* End PBXFrameworksBuildPhase section */

/* Begin PBXGroup section */
		B54268F32B0FD4D6003A0FCB /* Constants */ = {
			isa = PBXGroup;
			children = (
				B54268F12B0FCE8C003A0FCB /* Constants.swift */,
			);
			path = Constants;
			sourceTree = "<group>";
		};
		B5A19F3F2B0CD62800E4D045 /* FactsPage */ = {
			isa = PBXGroup;
			children = (
				B5A19F482B0CDA0500E4D045 /* BreedsTableViewCell */,
				B5A19F402B0CD64C00E4D045 /* BreedsPageViewModel.swift */,
				B5A19F422B0CD69100E4D045 /* BreedsPageViewController.swift */,
			);
			path = FactsPage;
			sourceTree = "<group>";
		};
		B5A19F482B0CDA0500E4D045 /* BreedsTableViewCell */ = {
			isa = PBXGroup;
			children = (
				B5A19F462B0CD9F800E4D045 /* BreedsPageTableViewCell.swift */,
			);
			path = BreedsTableViewCell;
			sourceTree = "<group>";
		};
		B5D8A0A42B0A14E700BC6800 = {
			isa = PBXGroup;
			children = (
				B5D8A0AF2B0A14E700BC6800 /* Assignment-21 */,
				B5D8A0AE2B0A14E700BC6800 /* Products */,
			);
			sourceTree = "<group>";
		};
		B5D8A0AE2B0A14E700BC6800 /* Products */ = {
			isa = PBXGroup;
			children = (
				B5D8A0AD2B0A14E700BC6800 /* Assignment-21.app */,
			);
			name = Products;
			sourceTree = "<group>";
		};
		B5D8A0AF2B0A14E700BC6800 /* Assignment-21 */ = {
			isa = PBXGroup;
			children = (
				B5D8A0C52B0A16A200BC6800 /* App */,
				B5D8A0CC2B0A1DB800BC6800 /* Models */,
				B5D8A0D02B0A416A00BC6800 /* Scenes */,
				B54268F32B0FD4D6003A0FCB /* Constants */,
				B5D8A0C42B0A160500BC6800 /* Resources */,
				B5D8A0BE2B0A14E700BC6800 /* Info.plist */,
			);
			path = "Assignment-21";
			sourceTree = "<group>";
		};
		B5D8A0C42B0A160500BC6800 /* Resources */ = {
			isa = PBXGroup;
			children = (
				B5D8A0B92B0A14E700BC6800 /* Assets.xcassets */,
				B5D8A0BB2B0A14E700BC6800 /* LaunchScreen.storyboard */,
			);
			path = Resources;
			sourceTree = "<group>";
		};
		B5D8A0C52B0A16A200BC6800 /* App */ = {
			isa = PBXGroup;
			children = (
				B5D8A0B02B0A14E700BC6800 /* AppDelegate.swift */,
				B5D8A0B22B0A14E700BC6800 /* SceneDelegate.swift */,
			);
			path = App;
			sourceTree = "<group>";
		};
		B5D8A0CC2B0A1DB800BC6800 /* Models */ = {
			isa = PBXGroup;
			children = (
				B5D8A0C62B0A16F500BC6800 /* Fact.swift */,
				B5A19F442B0CD70F00E4D045 /* Breed.swift */,
			);
			path = Models;
			sourceTree = "<group>";
		};
		B5D8A0D02B0A416A00BC6800 /* Scenes */ = {
			isa = PBXGroup;
			children = (
				B5A6A27F2B0C07C600727C6B /* TabBarController.swift */,
				B5D8A0D12B0A4CB600BC6800 /* MainPage */,
				B5A19F3F2B0CD62800E4D045 /* FactsPage */,
			);
			path = Scenes;
			sourceTree = "<group>";
		};
		B5D8A0D12B0A4CB600BC6800 /* MainPage */ = {
			isa = PBXGroup;
			children = (
				B5D8A0D22B0A4CCB00BC6800 /* TableViewCell */,
				B5D8A0C82B0A171900BC6800 /* MainPageViewModel.swift */,
				B5D8A0B42B0A14E700BC6800 /* MainPageViewController.swift */,
			);
			path = MainPage;
			sourceTree = "<group>";
		};
		B5D8A0D22B0A4CCB00BC6800 /* TableViewCell */ = {
			isa = PBXGroup;
			children = (
				B5D8A0CA2B0A17BF00BC6800 /* MainPageTableViewCell.swift */,
			);
			path = TableViewCell;
			sourceTree = "<group>";
		};
/* End PBXGroup section */

/* Begin PBXNativeTarget section */
		B5D8A0AC2B0A14E700BC6800 /* Assignment-21 */ = {
			isa = PBXNativeTarget;
			buildConfigurationList = B5D8A0C12B0A14E700BC6800 /* Build configuration list for PBXNativeTarget "Assignment-21" */;
			buildPhases = (
				B5D8A0A92B0A14E700BC6800 /* Sources */,
				B5D8A0AA2B0A14E700BC6800 /* Frameworks */,
				B5D8A0AB2B0A14E700BC6800 /* Resources */,
			);
			buildRules = (
			);
			dependencies = (
			);
			name = "Assignment-21";
			packageProductDependencies = (
				B5D8A0FB2B0AA5BF00BC6800 /* GenericNetworkManager */,
			);
			productName = "Assignment-21";
			productReference = B5D8A0AD2B0A14E700BC6800 /* Assignment-21.app */;
			productType = "com.apple.product-type.application";
		};
/* End PBXNativeTarget section */

/* Begin PBXProject section */
		B5D8A0A52B0A14E700BC6800 /* Project object */ = {
			isa = PBXProject;
			attributes = {
				BuildIndependentTargetsInParallel = 1;
				LastSwiftUpdateCheck = 1430;
				LastUpgradeCheck = 1430;
				TargetAttributes = {
					B5D8A0AC2B0A14E700BC6800 = {
						CreatedOnToolsVersion = 14.3.1;
					};
				};
			};
			buildConfigurationList = B5D8A0A82B0A14E700BC6800 /* Build configuration list for PBXProject "Assignment-21" */;
			compatibilityVersion = "Xcode 14.0";
			developmentRegion = en;
			hasScannedForEncodings = 0;
			knownRegions = (
				en,
				Base,
			);
			mainGroup = B5D8A0A42B0A14E700BC6800;
			packageReferences = (
				B5D8A0FA2B0AA5BF00BC6800 /* XCRemoteSwiftPackageReference "GenericNetworkManager" */,
			);
			productRefGroup = B5D8A0AE2B0A14E700BC6800 /* Products */;
			projectDirPath = "";
			projectRoot = "";
			targets = (
				B5D8A0AC2B0A14E700BC6800 /* Assignment-21 */,
			);
		};
/* End PBXProject section */

/* Begin PBXResourcesBuildPhase section */
		B5D8A0AB2B0A14E700BC6800 /* Resources */ = {
			isa = PBXResourcesBuildPhase;
			buildActionMask = 2147483647;
			files = (
				B5D8A0BD2B0A14E700BC6800 /* LaunchScreen.storyboard in Resources */,
				B5D8A0BA2B0A14E700BC6800 /* Assets.xcassets in Resources */,
			);
			runOnlyForDeploymentPostprocessing = 0;
		};
/* End PBXResourcesBuildPhase section */

/* Begin PBXSourcesBuildPhase section */
		B5D8A0A92B0A14E700BC6800 /* Sources */ = {
			isa = PBXSourcesBuildPhase;
			buildActionMask = 2147483647;
			files = (
				B5A19F452B0CD70F00E4D045 /* Breed.swift in Sources */,
				B5D8A0B52B0A14E700BC6800 /* MainPageViewController.swift in Sources */,
				B5D8A0C72B0A16F500BC6800 /* Fact.swift in Sources */,
				B5A19F472B0CD9F800E4D045 /* BreedsPageTableViewCell.swift in Sources */,
				B5D8A0C92B0A171900BC6800 /* MainPageViewModel.swift in Sources */,
				B5D8A0B12B0A14E700BC6800 /* AppDelegate.swift in Sources */,
				B5A19F412B0CD64C00E4D045 /* BreedsPageViewModel.swift in Sources */,
				B5A6A2802B0C07C600727C6B /* TabBarController.swift in Sources */,
				B5D8A0B32B0A14E700BC6800 /* SceneDelegate.swift in Sources */,
				B5D8A0CB2B0A17BF00BC6800 /* MainPageTableViewCell.swift in Sources */,
				B5A19F432B0CD69100E4D045 /* BreedsPageViewController.swift in Sources */,
				B54268F22B0FCE8C003A0FCB /* Constants.swift in Sources */,
			);
			runOnlyForDeploymentPostprocessing = 0;
		};
/* End PBXSourcesBuildPhase section */

/* Begin PBXVariantGroup section */
		B5D8A0BB2B0A14E700BC6800 /* LaunchScreen.storyboard */ = {
			isa = PBXVariantGroup;
			children = (
				B5D8A0BC2B0A14E700BC6800 /* Base */,
			);
			name = LaunchScreen.storyboard;
			sourceTree = "<group>";
		};
/* End PBXVariantGroup section */

/* Begin XCBuildConfiguration section */
		B5D8A0BF2B0A14E700BC6800 /* Debug */ = {
			isa = XCBuildConfiguration;
			buildSettings = {
				ALWAYS_SEARCH_USER_PATHS = NO;
				CLANG_ANALYZER_NONNULL = YES;
				CLANG_ANALYZER_NUMBER_OBJECT_CONVERSION = YES_AGGRESSIVE;
				CLANG_CXX_LANGUAGE_STANDARD = "gnu++20";
				CLANG_ENABLE_MODULES = YES;
				CLANG_ENABLE_OBJC_ARC = YES;
				CLANG_ENABLE_OBJC_WEAK = YES;
				CLANG_WARN_BLOCK_CAPTURE_AUTORELEASING = YES;
				CLANG_WARN_BOOL_CONVERSION = YES;
				CLANG_WARN_COMMA = YES;
				CLANG_WARN_CONSTANT_CONVERSION = YES;
				CLANG_WARN_DEPRECATED_OBJC_IMPLEMENTATIONS = YES;
				CLANG_WARN_DIRECT_OBJC_ISA_USAGE = YES_ERROR;
				CLANG_WARN_DOCUMENTATION_COMMENTS = YES;
				CLANG_WARN_EMPTY_BODY = YES;
				CLANG_WARN_ENUM_CONVERSION = YES;
				CLANG_WARN_INFINITE_RECURSION = YES;
				CLANG_WARN_INT_CONVERSION = YES;
				CLANG_WARN_NON_LITERAL_NULL_CONVERSION = YES;
				CLANG_WARN_OBJC_IMPLICIT_RETAIN_SELF = YES;
				CLANG_WARN_OBJC_LITERAL_CONVERSION = YES;
				CLANG_WARN_OBJC_ROOT_CLASS = YES_ERROR;
				CLANG_WARN_QUOTED_INCLUDE_IN_FRAMEWORK_HEADER = YES;
				CLANG_WARN_RANGE_LOOP_ANALYSIS = YES;
				CLANG_WARN_STRICT_PROTOTYPES = YES;
				CLANG_WARN_SUSPICIOUS_MOVE = YES;
				CLANG_WARN_UNGUARDED_AVAILABILITY = YES_AGGRESSIVE;
				CLANG_WARN_UNREACHABLE_CODE = YES;
				CLANG_WARN__DUPLICATE_METHOD_MATCH = YES;
				COPY_PHASE_STRIP = NO;
				DEBUG_INFORMATION_FORMAT = dwarf;
				ENABLE_STRICT_OBJC_MSGSEND = YES;
				ENABLE_TESTABILITY = YES;
				GCC_C_LANGUAGE_STANDARD = gnu11;
				GCC_DYNAMIC_NO_PIC = NO;
				GCC_NO_COMMON_BLOCKS = YES;
				GCC_OPTIMIZATION_LEVEL = 0;
				GCC_PREPROCESSOR_DEFINITIONS = (
					"DEBUG=1",
					"$(inherited)",
				);
				GCC_WARN_64_TO_32_BIT_CONVERSION = YES;
				GCC_WARN_ABOUT_RETURN_TYPE = YES_ERROR;
				GCC_WARN_UNDECLARED_SELECTOR = YES;
				GCC_WARN_UNINITIALIZED_AUTOS = YES_AGGRESSIVE;
				GCC_WARN_UNUSED_FUNCTION = YES;
				GCC_WARN_UNUSED_VARIABLE = YES;
				IPHONEOS_DEPLOYMENT_TARGET = 16.4;
				MTL_ENABLE_DEBUG_INFO = INCLUDE_SOURCE;
				MTL_FAST_MATH = YES;
				ONLY_ACTIVE_ARCH = YES;
				SDKROOT = iphoneos;
				SWIFT_ACTIVE_COMPILATION_CONDITIONS = DEBUG;
				SWIFT_OPTIMIZATION_LEVEL = "-Onone";
			};
			name = Debug;
		};
		B5D8A0C02B0A14E700BC6800 /* Release */ = {
			isa = XCBuildConfiguration;
			buildSettings = {
				ALWAYS_SEARCH_USER_PATHS = NO;
				CLANG_ANALYZER_NONNULL = YES;
				CLANG_ANALYZER_NUMBER_OBJECT_CONVERSION = YES_AGGRESSIVE;
				CLANG_CXX_LANGUAGE_STANDARD = "gnu++20";
				CLANG_ENABLE_MODULES = YES;
				CLANG_ENABLE_OBJC_ARC = YES;
				CLANG_ENABLE_OBJC_WEAK = YES;
				CLANG_WARN_BLOCK_CAPTURE_AUTORELEASING = YES;
				CLANG_WARN_BOOL_CONVERSION = YES;
				CLANG_WARN_COMMA = YES;
				CLANG_WARN_CONSTANT_CONVERSION = YES;
				CLANG_WARN_DEPRECATED_OBJC_IMPLEMENTATIONS = YES;
				CLANG_WARN_DIRECT_OBJC_ISA_USAGE = YES_ERROR;
				CLANG_WARN_DOCUMENTATION_COMMENTS = YES;
				CLANG_WARN_EMPTY_BODY = YES;
				CLANG_WARN_ENUM_CONVERSION = YES;
				CLANG_WARN_INFINITE_RECURSION = YES;
				CLANG_WARN_INT_CONVERSION = YES;
				CLANG_WARN_NON_LITERAL_NULL_CONVERSION = YES;
				CLANG_WARN_OBJC_IMPLICIT_RETAIN_SELF = YES;
				CLANG_WARN_OBJC_LITERAL_CONVERSION = YES;
				CLANG_WARN_OBJC_ROOT_CLASS = YES_ERROR;
				CLANG_WARN_QUOTED_INCLUDE_IN_FRAMEWORK_HEADER = YES;
				CLANG_WARN_RANGE_LOOP_ANALYSIS = YES;
				CLANG_WARN_STRICT_PROTOTYPES = YES;
				CLANG_WARN_SUSPICIOUS_MOVE = YES;
				CLANG_WARN_UNGUARDED_AVAILABILITY = YES_AGGRESSIVE;
				CLANG_WARN_UNREACHABLE_CODE = YES;
				CLANG_WARN__DUPLICATE_METHOD_MATCH = YES;
				COPY_PHASE_STRIP = NO;
				DEBUG_INFORMATION_FORMAT = "dwarf-with-dsym";
				ENABLE_NS_ASSERTIONS = NO;
				ENABLE_STRICT_OBJC_MSGSEND = YES;
				GCC_C_LANGUAGE_STANDARD = gnu11;
				GCC_NO_COMMON_BLOCKS = YES;
				GCC_WARN_64_TO_32_BIT_CONVERSION = YES;
				GCC_WARN_ABOUT_RETURN_TYPE = YES_ERROR;
				GCC_WARN_UNDECLARED_SELECTOR = YES;
				GCC_WARN_UNINITIALIZED_AUTOS = YES_AGGRESSIVE;
				GCC_WARN_UNUSED_FUNCTION = YES;
				GCC_WARN_UNUSED_VARIABLE = YES;
				IPHONEOS_DEPLOYMENT_TARGET = 16.4;
				MTL_ENABLE_DEBUG_INFO = NO;
				MTL_FAST_MATH = YES;
				SDKROOT = iphoneos;
				SWIFT_COMPILATION_MODE = wholemodule;
				SWIFT_OPTIMIZATION_LEVEL = "-O";
				VALIDATE_PRODUCT = YES;
			};
			name = Release;
		};
		B5D8A0C22B0A14E700BC6800 /* Debug */ = {
			isa = XCBuildConfiguration;
			buildSettings = {
				ASSETCATALOG_COMPILER_APPICON_NAME = AppIcon;
				ASSETCATALOG_COMPILER_GLOBAL_ACCENT_COLOR_NAME = AccentColor;
				CODE_SIGN_STYLE = Automatic;
				CURRENT_PROJECT_VERSION = 1;
				DEVELOPMENT_TEAM = XSFWJACHHY;
				GENERATE_INFOPLIST_FILE = YES;
				INFOPLIST_FILE = "Assignment-21/Info.plist";
				INFOPLIST_KEY_UIApplicationSupportsIndirectInputEvents = YES;
				INFOPLIST_KEY_UILaunchStoryboardName = LaunchScreen;
				INFOPLIST_KEY_UIMainStoryboardFile = "";
				INFOPLIST_KEY_UISupportedInterfaceOrientations_iPad = "UIInterfaceOrientationPortrait UIInterfaceOrientationPortraitUpsideDown UIInterfaceOrientationLandscapeLeft UIInterfaceOrientationLandscapeRight";
				INFOPLIST_KEY_UISupportedInterfaceOrientations_iPhone = "UIInterfaceOrientationPortrait UIInterfaceOrientationLandscapeLeft UIInterfaceOrientationLandscapeRight";
				LD_RUNPATH_SEARCH_PATHS = (
					"$(inherited)",
					"@executable_path/Frameworks",
				);
				MARKETING_VERSION = 1.0;
				PRODUCT_BUNDLE_IDENTIFIER = "com.ekakelenjeridze.Assignment-21";
				PRODUCT_NAME = "$(TARGET_NAME)";
				SWIFT_EMIT_LOC_STRINGS = YES;
				SWIFT_VERSION = 5.0;
				TARGETED_DEVICE_FAMILY = "1,2";
			};
			name = Debug;
		};
		B5D8A0C32B0A14E700BC6800 /* Release */ = {
			isa = XCBuildConfiguration;
			buildSettings = {
				ASSETCATALOG_COMPILER_APPICON_NAME = AppIcon;
				ASSETCATALOG_COMPILER_GLOBAL_ACCENT_COLOR_NAME = AccentColor;
				CODE_SIGN_STYLE = Automatic;
				CURRENT_PROJECT_VERSION = 1;
				DEVELOPMENT_TEAM = XSFWJACHHY;
				GENERATE_INFOPLIST_FILE = YES;
				INFOPLIST_FILE = "Assignment-21/Info.plist";
				INFOPLIST_KEY_UIApplicationSupportsIndirectInputEvents = YES;
				INFOPLIST_KEY_UILaunchStoryboardName = LaunchScreen;
				INFOPLIST_KEY_UIMainStoryboardFile = "";
				INFOPLIST_KEY_UISupportedInterfaceOrientations_iPad = "UIInterfaceOrientationPortrait UIInterfaceOrientationPortraitUpsideDown UIInterfaceOrientationLandscapeLeft UIInterfaceOrientationLandscapeRight";
				INFOPLIST_KEY_UISupportedInterfaceOrientations_iPhone = "UIInterfaceOrientationPortrait UIInterfaceOrientationLandscapeLeft UIInterfaceOrientationLandscapeRight";
				LD_RUNPATH_SEARCH_PATHS = (
					"$(inherited)",
					"@executable_path/Frameworks",
				);
				MARKETING_VERSION = 1.0;
				PRODUCT_BUNDLE_IDENTIFIER = "com.ekakelenjeridze.Assignment-21";
				PRODUCT_NAME = "$(TARGET_NAME)";
				SWIFT_EMIT_LOC_STRINGS = YES;
				SWIFT_VERSION = 5.0;
				TARGETED_DEVICE_FAMILY = "1,2";
			};
			name = Release;
		};
/* End XCBuildConfiguration section */

/* Begin XCConfigurationList section */
		B5D8A0A82B0A14E700BC6800 /* Build configuration list for PBXProject "Assignment-21" */ = {
			isa = XCConfigurationList;
			buildConfigurations = (
				B5D8A0BF2B0A14E700BC6800 /* Debug */,
				B5D8A0C02B0A14E700BC6800 /* Release */,
			);
			defaultConfigurationIsVisible = 0;
			defaultConfigurationName = Release;
		};
		B5D8A0C12B0A14E700BC6800 /* Build configuration list for PBXNativeTarget "Assignment-21" */ = {
			isa = XCConfigurationList;
			buildConfigurations = (
				B5D8A0C22B0A14E700BC6800 /* Debug */,
				B5D8A0C32B0A14E700BC6800 /* Release */,
			);
			defaultConfigurationIsVisible = 0;
			defaultConfigurationName = Release;
		};
/* End XCConfigurationList section */

/* Begin XCRemoteSwiftPackageReference section */
		B5D8A0FA2B0AA5BF00BC6800 /* XCRemoteSwiftPackageReference "GenericNetworkManager" */ = {
			isa = XCRemoteSwiftPackageReference;
			repositoryURL = "https://github.com/ekakele/GenericNetworkManager";
			requirement = {
				kind = upToNextMajorVersion;
				minimumVersion = 0.0.1;
			};
		};
/* End XCRemoteSwiftPackageReference section */

/* Begin XCSwiftPackageProductDependency section */
		B5D8A0FB2B0AA5BF00BC6800 /* GenericNetworkManager */ = {
			isa = XCSwiftPackageProductDependency;
			package = B5D8A0FA2B0AA5BF00BC6800 /* XCRemoteSwiftPackageReference "GenericNetworkManager" */;
			productName = GenericNetworkManager;
		};
/* End XCSwiftPackageProductDependency section */
	};
	rootObject = B5D8A0A52B0A14E700BC6800 /* Project object */;
}
